{
    "_meta": {
        "hash": {
            "sha256": "154c8538e7758a761f44f6bde2d87fef3d8e5a06d363909d46a3c07f71c47b08"
        },
        "pipfile-spec": 6,
        "requires": {
            "python_version": "3.8"
        },
        "sources": [
            {
                "name": "pypi",
                "url": "https://pypi.org/simple",
                "verify_ssl": true
            }
        ]
    },
    "default": {
        "pyreadline3": {
            "hashes": [
                "sha256:6f3d1f7b8a31ba32b73917cefc1f28cc660562f39aea8646d30bd6eff21f7bae",
                "sha256:b0efb6516fd4fb07b45949053826a62fa4cb353db5be2bbb4a7aa1fdd1e345fb"
            ],
            "index": "pypi",
            "version": "==3.4.1"
        },
        "python-cowsay": {
            "hashes": [
                "sha256:7cf03307e6a47074d534b65840e652b174c9b9e36e9068c330974387969755ac",
                "sha256:a5fa40b98ccf70f6111fde34364fd54801491a4feec02559bb3794e85ef9500a"
            ],
            "index": "pypi",
            "version": "==1.0.2"
        }
    },
    "develop": {}
}
